
Microsoft Visual Studio Solution File, Format Version 12.00
# Visual Studio Version 16
VisualStudioVersion = 16.0.31410.357
MinimumVisualStudioVersion = 10.0.40219.1
Project("{FAE04EC0-301F-11D3-BF4B-00C04F79EFBC}") = "MovieApp", "MovieApp\MovieApp.csproj", "{4BA560B3-DDB5-4F9B-8FB7-6776C0D3B598}"
EndProject
Global
	GlobalSection(SolutionConfigurationPlatforms) = preSolution
		Debug|Any CPU = Debug|Any CPU
		Release|Any CPU = Release|Any CPU
	EndGlobalSection
	GlobalSection(ProjectConfigurationPlatforms) = postSolution
		{4BA560B3-DDB5-4F9B-8FB7-6776C0D3B598}.Debug|Any CPU.ActiveCfg = Debug|Any CPU
		{4BA560B3-DDB5-4F9B-8FB7-6776C0D3B598}.Debug|Any CPU.Build.0 = Debug|Any CPU
		{4BA560B3-DDB5-4F9B-8FB7-6776C0D3B598}.Release|Any CPU.ActiveCfg = Release|Any CPU
		{4BA560B3-DDB5-4F9B-8FB7-6776C0D3B598}.Release|Any CPU.Build.0 = Release|Any CPU
	EndGlobalSection
	GlobalSection(SolutionProperties) = preSolution
		HideSolutionNode = FALSE
	EndGlobalSection
	GlobalSection(ExtensibilityGlobals) = postSolution
		SolutionGuid = {570146DC-3266-4E91-BB04-DA6587C9CE01}
	EndGlobalSection
EndGlobal
